<?xml version="1.0" encoding="utf-8"?>
<Project ToolsVersion="17.0" xmlns="http://schemas.microsoft.com/developer/msbuild/2003">
  <ItemGroup>
    <CustomBuild Include="F:\C++\Assimp\AssimpBuild\CMakeFiles\e30f734b543a054a465f077fc678695c\INSTALL_force.rule">
      <Filter>CMake Rules</Filter>
    </CustomBuild>
  </ItemGroup>
  <ItemGroup>
    <Filter Include="CMake Rules">
      <UniqueIdentifier>{19CEAE2E-F1C9-306B-9D2C-FB64D6D6829B}</UniqueIdentifier>
    </Filter>
  </ItemGroup>
</Project>
