
Microsoft Visual Studio Solution File, Format Version 12.00
# Visual Studio Version 17
VisualStudioVersion = 17.6.33815.320
MinimumVisualStudioVersion = 10.0.40219.1
Project("{8BC9CEB8-8B4A-11D0-8D11-00A0C91BC942}") = "Playground", "Playground\Playground.vcxproj", "{19985F4D-1A55-4039-9B44-A1AD9C7D2485}"
EndProject
Project("{8BC9CEB8-8B4A-11D0-8D11-00A0C91BC942}") = "Czuch", "Czuch\Czuch.vcxproj", "{35EE7B4B-7947-412F-8F90-0E57CC3DDEFC}"
EndProject
Global
	GlobalSection(SolutionConfigurationPlatforms) = preSolution
		Debug|x64 = Debug|x64
		Release|x64 = Release|x64
	EndGlobalSection
	GlobalSection(ProjectConfigurationPlatforms) = postSolution
		{35EE7B4B-7947-412F-8F90-0E57CC3DDEFC}.Debug|x64.ActiveCfg = Debug|x64
		{35EE7B4B-7947-412F-8F90-0E57CC3DDEFC}.Debug|x64.Build.0 = Debug|x64
		{35EE7B4B-7947-412F-8F90-0E57CC3DDEFC}.Release|x64.ActiveCfg = Release|x64
		{35EE7B4B-7947-412F-8F90-0E57CC3DDEFC}.Release|x64.Build.0 = Release|x64
		{19985F4D-1A55-4039-9B44-A1AD9C7D2485}.Debug|x64.ActiveCfg = Debug|x64
		{19985F4D-1A55-4039-9B44-A1AD9C7D2485}.Debug|x64.Build.0 = Debug|x64
		{19985F4D-1A55-4039-9B44-A1AD9C7D2485}.Release|x64.ActiveCfg = Release|x64
		{19985F4D-1A55-4039-9B44-A1AD9C7D2485}.Release|x64.Build.0 = Release|x64
	EndGlobalSection
	GlobalSection(SolutionProperties) = preSolution
		HideSolutionNode = FALSE
	EndGlobalSection
	GlobalSection(ExtensibilityGlobals) = postSolution
		SolutionGuid = {A0374B55-9E62-444A-B123-F975E07330A8}
	EndGlobalSection
EndGlobal
