<?xml version="1.0" encoding="utf-8"?>
<Project ToolsVersion="4.0" xmlns="http://schemas.microsoft.com/developer/msbuild/2003">
  <ItemGroup>
    <Filter Include="Czuch">
      <UniqueIdentifier>{024F000D-6E63-28BE-37E5-CB1DA3B824EF}</UniqueIdentifier>
    </Filter>
    <Filter Include="Czuch\vendors">
      <UniqueIdentifier>{7293DE2B-DE53-5A62-A78E-A3DF130E9F3E}</UniqueIdentifier>
    </Filter>
    <Filter Include="Czuch\vendors\ImGuizmoCzuch">
      <UniqueIdentifier>{2FF023AF-9BFD-5195-24E4-4D8090F01D4C}</UniqueIdentifier>
    </Filter>
    <Filter Include="source">
      <UniqueIdentifier>{76FF3A1C-62A1-65F2-4B5C-7946379DEC42}</UniqueIdentifier>
    </Filter>
    <Filter Include="source\App">
      <UniqueIdentifier>{A6B314B8-926B-5605-FB72-2F61E749F1F5}</UniqueIdentifier>
    </Filter>
    <Filter Include="source\Commands">
      <UniqueIdentifier>{775FAA7F-E3EA-1744-ECFB-9A3858067444}</UniqueIdentifier>
    </Filter>
    <Filter Include="source\Commands\CommandTypes">
      <UniqueIdentifier>{BA28EA92-A6E3-D93E-4F9B-52893B3524CF}</UniqueIdentifier>
    </Filter>
    <Filter Include="source\Panels">
      <UniqueIdentifier>{086F0534-742F-816A-3D6A-CAE7A9E9C546}</UniqueIdentifier>
    </Filter>
  </ItemGroup>
  <ItemGroup>
    <ClInclude Include="..\Czuch\vendors\ImGuizmoCzuch\ImGuizmo.h">
      <Filter>Czuch\vendors\ImGuizmoCzuch</Filter>
    </ClInclude>
    <ClInclude Include="source\Commands\CommandTypes\ChangeTransformCommand.h">
      <Filter>source\Commands\CommandTypes</Filter>
    </ClInclude>
    <ClInclude Include="source\Commands\CommandTypes\CreateDefaultMeshesCommands.h">
      <Filter>source\Commands\CommandTypes</Filter>
    </ClInclude>
    <ClInclude Include="source\Commands\CommandTypes\CreateNewEntityCommand.h">
      <Filter>source\Commands\CommandTypes</Filter>
    </ClInclude>
    <ClInclude Include="source\Commands\CommandTypes\RemoveEntityCommand.h">
      <Filter>source\Commands\CommandTypes</Filter>
    </ClInclude>
    <ClInclude Include="source\Commands\CommandTypes\ReparentEntityCommand.h">
      <Filter>source\Commands\CommandTypes</Filter>
    </ClInclude>
    <ClInclude Include="source\Commands\EditorCommandsControl.h">
      <Filter>source\Commands</Filter>
    </ClInclude>
    <ClInclude Include="source\Commands\IEditorCommand.h">
      <Filter>source\Commands</Filter>
    </ClInclude>
    <ClInclude Include="source\EditorControl.h">
      <Filter>source</Filter>
    </ClInclude>
    <ClInclude Include="source\Panels\BaseEditorPanel.h">
      <Filter>source\Panels</Filter>
    </ClInclude>
    <ClInclude Include="source\Panels\EntityInspectorEditorPanel.h">
      <Filter>source\Panels</Filter>
    </ClInclude>
    <ClInclude Include="source\Panels\SceneHierarchyEditorPanel.h">
      <Filter>source\Panels</Filter>
    </ClInclude>
    <ClInclude Include="source\EditorWindows\BaseEditorWindow.h" />
    <ClInclude Include="source\EditorWindows\RenderGraphEditorWindow.h" />
  </ItemGroup>
  <ItemGroup>
    <ClCompile Include="..\Czuch\vendors\ImGuizmoCzuch\ImGuizmo.cpp">
      <Filter>Czuch\vendors\ImGuizmoCzuch</Filter>
    </ClCompile>
    <ClCompile Include="source\App\CzuchEditorApplication.cpp">
      <Filter>source\App</Filter>
    </ClCompile>
    <ClCompile Include="source\Commands\EditorCommandsControl.cpp">
      <Filter>source\Commands</Filter>
    </ClCompile>
    <ClCompile Include="source\EditorControl.cpp">
      <Filter>source</Filter>
    </ClCompile>
    <ClCompile Include="source\ImGuiCompiler.cpp">
      <Filter>source</Filter>
    </ClCompile>
    <ClCompile Include="source\Panels\BaseEditorPanel.cpp">
      <Filter>source\Panels</Filter>
    </ClCompile>
    <ClCompile Include="source\Panels\EntityInspectorEditorPanel.cpp">
      <Filter>source\Panels</Filter>
    </ClCompile>
    <ClCompile Include="source\Panels\SceneHierarchyEditorPanel.cpp">
      <Filter>source\Panels</Filter>
    </ClCompile>
    <ClCompile Include="source\EditorWindows\BaseEditorWindow.cpp" />
    <ClCompile Include="source\EditorWindows\RenderGraphEditorWindow.cpp" />
  </ItemGroup>
</Project>