<?xml version="1.0" encoding="utf-8"?>
<Project ToolsVersion="4.0" xmlns="http://schemas.microsoft.com/developer/msbuild/2003">
  <ItemGroup>
    <Filter Include="Core">
      <UniqueIdentifier>{2EB4837C-1AEB-840D-C3D7-6A10AFED000F}</UniqueIdentifier>
    </Filter>
    <Filter Include="Events">
      <UniqueIdentifier>{3A8963B1-262B-8E87-0FE6-A1DBFB2615D8}</UniqueIdentifier>
    </Filter>
    <Filter Include="Events\EventsTypes">
      <UniqueIdentifier>{B33846EE-9F1C-0744-087D-0197F47FF1C5}</UniqueIdentifier>
    </Filter>
    <Filter Include="Platform">
      <UniqueIdentifier>{2AC788B4-1694-E3BF-3FAD-D1672BD9184E}</UniqueIdentifier>
    </Filter>
    <Filter Include="Platform\Windows">
      <UniqueIdentifier>{64FBD71A-50F4-F66C-7926-DCF1657ED678}</UniqueIdentifier>
    </Filter>
    <Filter Include="Renderer">
      <UniqueIdentifier>{7CCE658F-689B-C09A-91B4-AE427DE0F528}</UniqueIdentifier>
    </Filter>
    <Filter Include="Renderer\Vulkan">
      <UniqueIdentifier>{7C380408-E8C3-71CC-F1D4-F4C05DDFCDCC}</UniqueIdentifier>
    </Filter>
    <Filter Include="Subsystems">
      <UniqueIdentifier>{67E939EA-53A1-7B37-BCA8-5493A87F1628}</UniqueIdentifier>
    </Filter>
    <Filter Include="Subsystems\Assets">
      <UniqueIdentifier>{69B648CB-D5CC-4661-1E44-D2828A9917E9}</UniqueIdentifier>
    </Filter>
    <Filter Include="Subsystems\Assets\Asset">
      <UniqueIdentifier>{B8D5970D-240D-E0A4-2D17-44C899CD069E}</UniqueIdentifier>
    </Filter>
    <Filter Include="Subsystems\Assets\AssetManagersTypes">
      <UniqueIdentifier>{3B8EA5E0-2775-67D8-D0C5-CDF5BC8BE03E}</UniqueIdentifier>
    </Filter>
  </ItemGroup>
  <ItemGroup>
    <ClInclude Include="source\Core\AccessContainer.h">
      <Filter>Core</Filter>
    </ClInclude>
    <ClInclude Include="source\Core\Common.h">
      <Filter>Core</Filter>
    </ClInclude>
    <ClInclude Include="source\Core\EngineCore.h">
      <Filter>Core</Filter>
    </ClInclude>
    <ClInclude Include="source\Core\FileHelper.h">
      <Filter>Core</Filter>
    </ClInclude>
    <ClInclude Include="source\Core\KeyCodes.h">
      <Filter>Core</Filter>
    </ClInclude>
    <ClInclude Include="source\Core\MouseCodes.h">
      <Filter>Core</Filter>
    </ClInclude>
    <ClInclude Include="source\Core\Singleton.h">
      <Filter>Core</Filter>
    </ClInclude>
    <ClInclude Include="source\Core\StringID.h">
      <Filter>Core</Filter>
    </ClInclude>
    <ClInclude Include="source\Core\Time.h">
      <Filter>Core</Filter>
    </ClInclude>
    <ClInclude Include="source\Core\TimeDiffCounter.h">
      <Filter>Core</Filter>
    </ClInclude>
    <ClInclude Include="source\Core\Window.h">
      <Filter>Core</Filter>
    </ClInclude>
    <ClInclude Include="source\Czuch.h" />
    <ClInclude Include="source\EngineRoot.h" />
    <ClInclude Include="source\Events\Event.h">
      <Filter>Events</Filter>
    </ClInclude>
    <ClInclude Include="source\Events\EventsTypes\ApplicationEvents.h">
      <Filter>Events\EventsTypes</Filter>
    </ClInclude>
    <ClInclude Include="source\Events\EventsTypes\InputEvents.h">
      <Filter>Events\EventsTypes</Filter>
    </ClInclude>
    <ClInclude Include="source\Events\EventsTypes\MouseEvents.h">
      <Filter>Events\EventsTypes</Filter>
    </ClInclude>
    <ClInclude Include="source\Events\IEventsListener.h">
      <Filter>Events</Filter>
    </ClInclude>
    <ClInclude Include="source\Platform\Windows\WinWindow.h">
      <Filter>Platform\Windows</Filter>
    </ClInclude>
    <ClInclude Include="source\Renderer\CommandBuffer.h">
      <Filter>Renderer</Filter>
    </ClInclude>
    <ClInclude Include="source\Renderer\Graphics.h">
      <Filter>Renderer</Filter>
    </ClInclude>
    <ClInclude Include="source\Renderer\GraphicsDevice.h">
      <Filter>Renderer</Filter>
    </ClInclude>
    <ClInclude Include="source\Renderer\GraphicsResourceAccessContainer.h">
      <Filter>Renderer</Filter>
    </ClInclude>
    <ClInclude Include="source\Renderer\Renderer.h">
      <Filter>Renderer</Filter>
    </ClInclude>
    <ClInclude Include="source\Renderer\Vulkan\DescriptorAllocator.h">
      <Filter>Renderer\Vulkan</Filter>
    </ClInclude>
    <ClInclude Include="source\Renderer\Vulkan\DescriptorLayoutCache.h">
      <Filter>Renderer\Vulkan</Filter>
    </ClInclude>
    <ClInclude Include="source\Renderer\Vulkan\VulkanBase.h">
      <Filter>Renderer\Vulkan</Filter>
    </ClInclude>
    <ClInclude Include="source\Renderer\Vulkan\VulkanCommandBuffer.h">
      <Filter>Renderer\Vulkan</Filter>
    </ClInclude>
    <ClInclude Include="source\Renderer\Vulkan\VulkanCore.h">
      <Filter>Renderer\Vulkan</Filter>
    </ClInclude>
    <ClInclude Include="source\Renderer\Vulkan\VulkanDevice.h">
      <Filter>Renderer\Vulkan</Filter>
    </ClInclude>
    <ClInclude Include="source\Renderer\Vulkan\VulkanPipelineBuilder.h">
      <Filter>Renderer\Vulkan</Filter>
    </ClInclude>
    <ClInclude Include="source\Renderer\Vulkan\VulkanRenderer.h">
      <Filter>Renderer\Vulkan</Filter>
    </ClInclude>
    <ClInclude Include="source\Subsystems\Assets\Asset\Asset.h">
      <Filter>Subsystems\Assets\Asset</Filter>
    </ClInclude>
    <ClInclude Include="source\Subsystems\Assets\Asset\ShaderAsset.h">
      <Filter>Subsystems\Assets\Asset</Filter>
    </ClInclude>
    <ClInclude Include="source\Subsystems\Assets\Asset\TextureAsset.h">
      <Filter>Subsystems\Assets\Asset</Filter>
    </ClInclude>
    <ClInclude Include="source\Subsystems\Assets\AssetManager.h">
      <Filter>Subsystems\Assets</Filter>
    </ClInclude>
    <ClInclude Include="source\Subsystems\Assets\AssetManagersTypes\ShaderAssetManager.h">
      <Filter>Subsystems\Assets\AssetManagersTypes</Filter>
    </ClInclude>
    <ClInclude Include="source\Subsystems\Assets\AssetManagersTypes\TextureAssetManager.h">
      <Filter>Subsystems\Assets\AssetManagersTypes</Filter>
    </ClInclude>
    <ClInclude Include="source\Subsystems\Assets\AssetsManager.h">
      <Filter>Subsystems\Assets</Filter>
    </ClInclude>
    <ClInclude Include="source\Subsystems\Assets\LoadSettingsPerType.h">
      <Filter>Subsystems\Assets</Filter>
    </ClInclude>
    <ClInclude Include="source\Subsystems\BaseSubsystem.h">
      <Filter>Subsystems</Filter>
    </ClInclude>
    <ClInclude Include="source\Subsystems\EventsManager.h">
      <Filter>Subsystems</Filter>
    </ClInclude>
    <ClInclude Include="source\Subsystems\Logging.h">
      <Filter>Subsystems</Filter>
    </ClInclude>
    <ClInclude Include="source\czpch.h" />
    <ClInclude Include="source\Core\Math.h" />
  </ItemGroup>
  <ItemGroup>
    <ClCompile Include="source\Core\AccessContainer.cpp">
      <Filter>Core</Filter>
    </ClCompile>
    <ClCompile Include="source\Core\StringID.cpp">
      <Filter>Core</Filter>
    </ClCompile>
    <ClCompile Include="source\Core\Time.cpp">
      <Filter>Core</Filter>
    </ClCompile>
    <ClCompile Include="source\Core\TimeDiffCounter.cpp">
      <Filter>Core</Filter>
    </ClCompile>
    <ClCompile Include="source\Core\Window.cpp">
      <Filter>Core</Filter>
    </ClCompile>
    <ClCompile Include="source\EngineRoot.cpp" />
    <ClCompile Include="source\Events\Event.cpp">
      <Filter>Events</Filter>
    </ClCompile>
    <ClCompile Include="source\Events\EventsTypes\ApplicationEvents.cpp">
      <Filter>Events\EventsTypes</Filter>
    </ClCompile>
    <ClCompile Include="source\Events\EventsTypes\InputEvents.cpp">
      <Filter>Events\EventsTypes</Filter>
    </ClCompile>
    <ClCompile Include="source\Events\EventsTypes\MouseEvents.cpp">
      <Filter>Events\EventsTypes</Filter>
    </ClCompile>
    <ClCompile Include="source\Platform\Windows\WinWindow.cpp">
      <Filter>Platform\Windows</Filter>
    </ClCompile>
    <ClCompile Include="source\Renderer\Graphics.cpp">
      <Filter>Renderer</Filter>
    </ClCompile>
    <ClCompile Include="source\Renderer\GraphicsResourceAccessContainer.cpp">
      <Filter>Renderer</Filter>
    </ClCompile>
    <ClCompile Include="source\Renderer\Vulkan\DescriptorAllocator.cpp">
      <Filter>Renderer\Vulkan</Filter>
    </ClCompile>
    <ClCompile Include="source\Renderer\Vulkan\DescriptorLayoutCache.cpp">
      <Filter>Renderer\Vulkan</Filter>
    </ClCompile>
    <ClCompile Include="source\Renderer\Vulkan\VulkanCommandBuffer.cpp">
      <Filter>Renderer\Vulkan</Filter>
    </ClCompile>
    <ClCompile Include="source\Renderer\Vulkan\VulkanCore.cpp">
      <Filter>Renderer\Vulkan</Filter>
    </ClCompile>
    <ClCompile Include="source\Renderer\Vulkan\VulkanDevice.cpp">
      <Filter>Renderer\Vulkan</Filter>
    </ClCompile>
    <ClCompile Include="source\Renderer\Vulkan\VulkanPipelineBuilder.cpp">
      <Filter>Renderer\Vulkan</Filter>
    </ClCompile>
    <ClCompile Include="source\Renderer\Vulkan\VulkanRenderer.cpp">
      <Filter>Renderer\Vulkan</Filter>
    </ClCompile>
    <ClCompile Include="source\Subsystems\Assets\Asset\Asset.cpp">
      <Filter>Subsystems\Assets\Asset</Filter>
    </ClCompile>
    <ClCompile Include="source\Subsystems\Assets\Asset\ShaderAsset.cpp">
      <Filter>Subsystems\Assets\Asset</Filter>
    </ClCompile>
    <ClCompile Include="source\Subsystems\Assets\Asset\TextureAsset.cpp">
      <Filter>Subsystems\Assets\Asset</Filter>
    </ClCompile>
    <ClCompile Include="source\Subsystems\Assets\AssetManager.cpp">
      <Filter>Subsystems\Assets</Filter>
    </ClCompile>
    <ClCompile Include="source\Subsystems\Assets\AssetManagersTypes\ShaderAssetManager.cpp">
      <Filter>Subsystems\Assets\AssetManagersTypes</Filter>
    </ClCompile>
    <ClCompile Include="source\Subsystems\Assets\AssetManagersTypes\TextureAssetManager.cpp">
      <Filter>Subsystems\Assets\AssetManagersTypes</Filter>
    </ClCompile>
    <ClCompile Include="source\Subsystems\Assets\AssetsManager.cpp">
      <Filter>Subsystems\Assets</Filter>
    </ClCompile>
    <ClCompile Include="source\Subsystems\EventsManager.cpp">
      <Filter>Subsystems</Filter>
    </ClCompile>
    <ClCompile Include="source\Subsystems\Logging.cpp">
      <Filter>Subsystems</Filter>
    </ClCompile>
    <ClCompile Include="source\czpch.cpp" />
  </ItemGroup>
</Project>